
Microsoft Visual Studio Solution File, Format Version 12.00
# Visual Studio Version 16
VisualStudioVersion = 16.0.31729.503
MinimumVisualStudioVersion = 10.0.40219.1
Project("{FAE04EC0-301F-11D3-BF4B-00C04F79EFBC}") = "lab3_1911066597", "lab3_1911066597\lab3_1911066597.csproj", "{1130939D-4987-4CD2-ADD6-0007D582E2A5}"
EndProject
Global
	GlobalSection(SolutionConfigurationPlatforms) = preSolution
		Debug|Any CPU = Debug|Any CPU
		Release|Any CPU = Release|Any CPU
	EndGlobalSection
	GlobalSection(ProjectConfigurationPlatforms) = postSolution
		{1130939D-4987-4CD2-ADD6-0007D582E2A5}.Debug|Any CPU.ActiveCfg = Debug|Any CPU
		{1130939D-4987-4CD2-ADD6-0007D582E2A5}.Debug|Any CPU.Build.0 = Debug|Any CPU
		{1130939D-4987-4CD2-ADD6-0007D582E2A5}.Release|Any CPU.ActiveCfg = Release|Any CPU
		{1130939D-4987-4CD2-ADD6-0007D582E2A5}.Release|Any CPU.Build.0 = Release|Any CPU
	EndGlobalSection
	GlobalSection(SolutionProperties) = preSolution
		HideSolutionNode = FALSE
	EndGlobalSection
	GlobalSection(ExtensibilityGlobals) = postSolution
		SolutionGuid = {8F23FC0D-03F1-4DA3-B834-D56CABDAD217}
	EndGlobalSection
EndGlobal
